<?xml version="1.0" encoding="UTF-8" standalone="yes" ?>
<CodeBlocks_project_file>
	<FileVersion major="1" minor="6" />
	<Project>
		<Option title="Sistema_Gerenciamento_Universitário(SGU)" />
		<Option pch_mode="2" />
		<Option compiler="gcc" />
		<Build>
			<Target title="Debug">
				<Option output="bin/Debug/Sistema_Gerenciamento_Universitário(SGU)" prefix_auto="1" extension_auto="1" />
				<Option object_output="obj/Debug/" />
				<Option type="1" />
				<Option compiler="gcc" />
				<Compiler>
					<Add option="-g" />
				</Compiler>
			</Target>
			<Target title="Release">
				<Option output="bin/Release/Sistema_Gerenciamento_Universitário(SGU)" prefix_auto="1" extension_auto="1" />
				<Option object_output="obj/Release/" />
				<Option type="1" />
				<Option compiler="gcc" />
				<Compiler>
					<Add option="-O2" />
				</Compiler>
				<Linker>
					<Add option="-s" />
				</Linker>
			</Target>
		</Build>
		<Compiler>
			<Add option="-Wall" />
		</Compiler>
		<Unit filename="SGU.h" />
		<Unit filename="administrador.c">
			<Option compilerVar="CC" />
		</Unit>
		<Unit filename="aluno.c">
			<Option compilerVar="CC" />
		</Unit>
		<Unit filename="arquivos_gerados.c">
			<Option compilerVar="CC" />
		</Unit>
		<Unit filename="entidades.c">
			<Option compilerVar="CC" />
		</Unit>
		<Unit filename="main.c">
			<Option compilerVar="CC" />
		</Unit>
		<Unit filename="menu_principal.c">
			<Option compilerVar="CC" />
		</Unit>
		<Unit filename="professor.c">
			<Option compilerVar="CC" />
		</Unit>
		<Unit filename="rascunho.c">
			<Option compilerVar="CC" />
		</Unit>
		<Extensions>
			<code_completion />
			<envvars />
			<debugger />
			<lib_finder disable_auto="1" />
		</Extensions>
	</Project>
</CodeBlocks_project_file>
